// !$*UTF8*$!
{
	archiveVersion = 1;
	classes = {
	};
	objectVersion = 50;
	objects = {

/* Begin PBXBuildFile section */
		B93092FF27DCC943005FB22A /* roshambo.wav in Resources */ = {isa = PBXBuildFile; fileRef = B93092FE27DCC943005FB22A /* roshambo.wav */; };
		B930930427DCD437005FB22A /* paperWin.wav in Resources */ = {isa = PBXBuildFile; fileRef = B930930127DCD436005FB22A /* paperWin.wav */; };
		B930930627DCD437005FB22A /* rockWin.wav in Resources */ = {isa = PBXBuildFile; fileRef = B930930327DCD437005FB22A /* rockWin.wav */; };
		B930931027DCF43E005FB22A /* scissorsWin.wav in Resources */ = {isa = PBXBuildFile; fileRef = B930930E27DCF43E005FB22A /* scissorsWin.wav */; };
		B930931127DCF43E005FB22A /* draw.wav in Resources */ = {isa = PBXBuildFile; fileRef = B930930F27DCF43E005FB22A /* draw.wav */; };
		B9CA870127B2DB8B00BC0EAB /* RoshamboApp.swift in Sources */ = {isa = PBXBuildFile; fileRef = B9CA870027B2DB8B00BC0EAB /* RoshamboApp.swift */; };
		B9CA870327B2DB8B00BC0EAB /* ContentView.swift in Sources */ = {isa = PBXBuildFile; fileRef = B9CA870227B2DB8B00BC0EAB /* ContentView.swift */; };
		B9CA870527B2DB9700BC0EAB /* Assets.xcassets in Resources */ = {isa = PBXBuildFile; fileRef = B9CA870427B2DB9700BC0EAB /* Assets.xcassets */; };
		B9CA870827B2DB9700BC0EAB /* Preview Assets.xcassets in Resources */ = {isa = PBXBuildFile; fileRef = B9CA870727B2DB9700BC0EAB /* Preview Assets.xcassets */; };
		B9CCD53E27BF935800FA4F8D /* GameLogic.swift in Sources */ = {isa = PBXBuildFile; fileRef = B9CCD53D27BF935800FA4F8D /* GameLogic.swift */; };
		B9D10EEC27BC7FF200931B69 /* LICENSE.rtf in Resources */ = {isa = PBXBuildFile; fileRef = B9D10EEB27BC7FF200931B69 /* LICENSE.rtf */; };
/* End PBXBuildFile section */

/* Begin PBXFileReference section */
		B93092FE27DCC943005FB22A /* roshambo.wav */ = {isa = PBXFileReference; lastKnownFileType = audio.wav; name = roshambo.wav; path = "Sound Effects/roshambo.wav"; sourceTree = SOURCE_ROOT; };
		B930930127DCD436005FB22A /* paperWin.wav */ = {isa = PBXFileReference; lastKnownFileType = audio.wav; name = paperWin.wav; path = "Sound Effects/paperWin.wav"; sourceTree = SOURCE_ROOT; };
		B930930327DCD437005FB22A /* rockWin.wav */ = {isa = PBXFileReference; lastKnownFileType = audio.wav; name = rockWin.wav; path = "Sound Effects/rockWin.wav"; sourceTree = SOURCE_ROOT; };
		B930930E27DCF43E005FB22A /* scissorsWin.wav */ = {isa = PBXFileReference; lastKnownFileType = audio.wav; name = scissorsWin.wav; path = "Sound Effects/scissorsWin.wav"; sourceTree = SOURCE_ROOT; };
		B930930F27DCF43E005FB22A /* draw.wav */ = {isa = PBXFileReference; lastKnownFileType = audio.wav; name = draw.wav; path = "Sound Effects/draw.wav"; sourceTree = SOURCE_ROOT; };
		B9CA86FD27B2DB8B00BC0EAB /* Roshambo.app */ = {isa = PBXFileReference; explicitFileType = wrapper.application; includeInIndex = 0; path = Roshambo.app; sourceTree = BUILT_PRODUCTS_DIR; };
		B9CA870027B2DB8B00BC0EAB /* RoshamboApp.swift */ = {isa = PBXFileReference; lastKnownFileType = sourcecode.swift; path = RoshamboApp.swift; sourceTree = "<group>"; };
		B9CA870227B2DB8B00BC0EAB /* ContentView.swift */ = {isa = PBXFileReference; lastKnownFileType = sourcecode.swift; path = ContentView.swift; sourceTree = "<group>"; usesTabs = 0; };
		B9CA870427B2DB9700BC0EAB /* Assets.xcassets */ = {isa = PBXFileReference; lastKnownFileType = folder.assetcatalog; path = Assets.xcassets; sourceTree = "<group>"; };
		B9CA870727B2DB9700BC0EAB /* Preview Assets.xcassets */ = {isa = PBXFileReference; lastKnownFileType = folder.assetcatalog; path = "Preview Assets.xcassets"; sourceTree = "<group>"; };
		B9CA870927B2DB9700BC0EAB /* Info.plist */ = {isa = PBXFileReference; lastKnownFileType = text.plist.xml; path = Info.plist; sourceTree = "<group>"; };
		B9CCD53D27BF935800FA4F8D /* GameLogic.swift */ = {isa = PBXFileReference; lastKnownFileType = sourcecode.swift; path = GameLogic.swift; sourceTree = "<group>"; };
		B9D10EEB27BC7FF200931B69 /* LICENSE.rtf */ = {isa = PBXFileReference; lastKnownFileType = text.rtf; path = LICENSE.rtf; sourceTree = "<group>"; };
/* End PBXFileReference section */

/* Begin PBXFrameworksBuildPhase section */
		B9CA86FA27B2DB8B00BC0EAB /* Frameworks */ = {
			isa = PBXFrameworksBuildPhase;
			buildActionMask = 2147483647;
			files = (
			);
			runOnlyForDeploymentPostprocessing = 0;
		};
/* End PBXFrameworksBuildPhase section */

/* Begin PBXGroup section */
		B93092F027DCC647005FB22A /* Sounds */ = {
			isa = PBXGroup;
			children = (
				B93092FE27DCC943005FB22A /* roshambo.wav */,
				B930930127DCD436005FB22A /* paperWin.wav */,
				B930930327DCD437005FB22A /* rockWin.wav */,
				B930930F27DCF43E005FB22A /* draw.wav */,
				B930930E27DCF43E005FB22A /* scissorsWin.wav */,
			);
			path = Sounds;
			sourceTree = "<group>";
		};
		B9CA86F427B2DB8B00BC0EAB = {
			isa = PBXGroup;
			children = (
				B9CA86FF27B2DB8B00BC0EAB /* Roshambo */,
				B9CA86FE27B2DB8B00BC0EAB /* Products */,
			);
			sourceTree = "<group>";
		};
		B9CA86FE27B2DB8B00BC0EAB /* Products */ = {
			isa = PBXGroup;
			children = (
				B9CA86FD27B2DB8B00BC0EAB /* Roshambo.app */,
			);
			name = Products;
			sourceTree = "<group>";
		};
		B9CA86FF27B2DB8B00BC0EAB /* Roshambo */ = {
			isa = PBXGroup;
			children = (
				B9CA870027B2DB8B00BC0EAB /* RoshamboApp.swift */,
				B9CA870227B2DB8B00BC0EAB /* ContentView.swift */,
				B9CCD53D27BF935800FA4F8D /* GameLogic.swift */,
				B9CA870427B2DB9700BC0EAB /* Assets.xcassets */,
				B93092F027DCC647005FB22A /* Sounds */,
				B9CA870927B2DB9700BC0EAB /* Info.plist */,
				B9CA870627B2DB9700BC0EAB /* Preview Content */,
				B9D10EEB27BC7FF200931B69 /* LICENSE.rtf */,
			);
			path = Roshambo;
			sourceTree = "<group>";
		};
		B9CA870627B2DB9700BC0EAB /* Preview Content */ = {
			isa = PBXGroup;
			children = (
				B9CA870727B2DB9700BC0EAB /* Preview Assets.xcassets */,
			);
			path = "Preview Content";
			sourceTree = "<group>";
		};
/* End PBXGroup section */

/* Begin PBXNativeTarget section */
		B9CA86FC27B2DB8B00BC0EAB /* Roshambo */ = {
			isa = PBXNativeTarget;
			buildConfigurationList = B9CA870C27B2DB9700BC0EAB /* Build configuration list for PBXNativeTarget "Roshambo" */;
			buildPhases = (
				B9CA86F927B2DB8B00BC0EAB /* Sources */,
				B9CA86FA27B2DB8B00BC0EAB /* Frameworks */,
				B9CA86FB27B2DB8B00BC0EAB /* Resources */,
			);
			buildRules = (
			);
			dependencies = (
			);
			name = Roshambo;
			productName = Roshambo;
			productReference = B9CA86FD27B2DB8B00BC0EAB /* Roshambo.app */;
			productType = "com.apple.product-type.application";
		};
/* End PBXNativeTarget section */

/* Begin PBXProject section */
		B9CA86F527B2DB8B00BC0EAB /* Project object */ = {
			isa = PBXProject;
			attributes = {
				LastSwiftUpdateCheck = 1240;
				LastUpgradeCheck = 1240;
				TargetAttributes = {
					B9CA86FC27B2DB8B00BC0EAB = {
						CreatedOnToolsVersion = 12.4;
					};
				};
			};
			buildConfigurationList = B9CA86F827B2DB8B00BC0EAB /* Build configuration list for PBXProject "Roshambo" */;
			compatibilityVersion = "Xcode 9.3";
			developmentRegion = en;
			hasScannedForEncodings = 0;
			knownRegions = (
				en,
				Base,
			);
			mainGroup = B9CA86F427B2DB8B00BC0EAB;
			productRefGroup = B9CA86FE27B2DB8B00BC0EAB /* Products */;
			projectDirPath = "";
			projectRoot = "";
			targets = (
				B9CA86FC27B2DB8B00BC0EAB /* Roshambo */,
			);
		};
/* End PBXProject section */

/* Begin PBXResourcesBuildPhase section */
		B9CA86FB27B2DB8B00BC0EAB /* Resources */ = {
			isa = PBXResourcesBuildPhase;
			buildActionMask = 2147483647;
			files = (
				B9D10EEC27BC7FF200931B69 /* LICENSE.rtf in Resources */,
				B930930627DCD437005FB22A /* rockWin.wav in Resources */,
				B930931127DCF43E005FB22A /* draw.wav in Resources */,
				B9CA870827B2DB9700BC0EAB /* Preview Assets.xcassets in Resources */,
				B930931027DCF43E005FB22A /* scissorsWin.wav in Resources */,
				B9CA870527B2DB9700BC0EAB /* Assets.xcassets in Resources */,
				B930930427DCD437005FB22A /* paperWin.wav in Resources */,
				B93092FF27DCC943005FB22A /* roshambo.wav in Resources */,
			);
			runOnlyForDeploymentPostprocessing = 0;
		};
/* End PBXResourcesBuildPhase section */

/* Begin PBXSourcesBuildPhase section */
		B9CA86F927B2DB8B00BC0EAB /* Sources */ = {
			isa = PBXSourcesBuildPhase;
			buildActionMask = 2147483647;
			files = (
				B9CCD53E27BF935800FA4F8D /* GameLogic.swift in Sources */,
				B9CA870327B2DB8B00BC0EAB /* ContentView.swift in Sources */,
				B9CA870127B2DB8B00BC0EAB /* RoshamboApp.swift in Sources */,
			);
			runOnlyForDeploymentPostprocessing = 0;
		};
/* End PBXSourcesBuildPhase section */

/* Begin XCBuildConfiguration section */
		B9CA870A27B2DB9700BC0EAB /* Debug */ = {
			isa = XCBuildConfiguration;
			buildSettings = {
				ALWAYS_SEARCH_USER_PATHS = NO;
				CLANG_ANALYZER_NONNULL = YES;
				CLANG_ANALYZER_NUMBER_OBJECT_CONVERSION = YES_AGGRESSIVE;
				CLANG_CXX_LANGUAGE_STANDARD = "gnu++14";
				CLANG_CXX_LIBRARY = "libc++";
				CLANG_ENABLE_MODULES = YES;
				CLANG_ENABLE_OBJC_ARC = YES;
				CLANG_ENABLE_OBJC_WEAK = YES;
				CLANG_WARN_BLOCK_CAPTURE_AUTORELEASING = YES;
				CLANG_WARN_BOOL_CONVERSION = YES;
				CLANG_WARN_COMMA = YES;
				CLANG_WARN_CONSTANT_CONVERSION = YES;
				CLANG_WARN_DEPRECATED_OBJC_IMPLEMENTATIONS = YES;
				CLANG_WARN_DIRECT_OBJC_ISA_USAGE = YES_ERROR;
				CLANG_WARN_DOCUMENTATION_COMMENTS = YES;
				CLANG_WARN_EMPTY_BODY = YES;
				CLANG_WARN_ENUM_CONVERSION = YES;
				CLANG_WARN_INFINITE_RECURSION = YES;
				CLANG_WARN_INT_CONVERSION = YES;
				CLANG_WARN_NON_LITERAL_NULL_CONVERSION = YES;
				CLANG_WARN_OBJC_IMPLICIT_RETAIN_SELF = YES;
				CLANG_WARN_OBJC_LITERAL_CONVERSION = YES;
				CLANG_WARN_OBJC_ROOT_CLASS = YES_ERROR;
				CLANG_WARN_QUOTED_INCLUDE_IN_FRAMEWORK_HEADER = YES;
				CLANG_WARN_RANGE_LOOP_ANALYSIS = YES;
				CLANG_WARN_STRICT_PROTOTYPES = YES;
				CLANG_WARN_SUSPICIOUS_MOVE = YES;
				CLANG_WARN_UNGUARDED_AVAILABILITY = YES_AGGRESSIVE;
				CLANG_WARN_UNREACHABLE_CODE = YES;
				CLANG_WARN__DUPLICATE_METHOD_MATCH = YES;
				COPY_PHASE_STRIP = NO;
				DEBUG_INFORMATION_FORMAT = dwarf;
				ENABLE_STRICT_OBJC_MSGSEND = YES;
				ENABLE_TESTABILITY = YES;
				GCC_C_LANGUAGE_STANDARD = gnu11;
				GCC_DYNAMIC_NO_PIC = NO;
				GCC_NO_COMMON_BLOCKS = YES;
				GCC_OPTIMIZATION_LEVEL = 0;
				GCC_PREPROCESSOR_DEFINITIONS = (
					"DEBUG=1",
					"$(inherited)",
				);
				GCC_WARN_64_TO_32_BIT_CONVERSION = YES;
				GCC_WARN_ABOUT_RETURN_TYPE = YES_ERROR;
				GCC_WARN_UNDECLARED_SELECTOR = YES;
				GCC_WARN_UNINITIALIZED_AUTOS = YES_AGGRESSIVE;
				GCC_WARN_UNUSED_FUNCTION = YES;
				GCC_WARN_UNUSED_VARIABLE = YES;
				IPHONEOS_DEPLOYMENT_TARGET = 14.4;
				MTL_ENABLE_DEBUG_INFO = INCLUDE_SOURCE;
				MTL_FAST_MATH = YES;
				ONLY_ACTIVE_ARCH = YES;
				SDKROOT = iphoneos;
				SWIFT_ACTIVE_COMPILATION_CONDITIONS = DEBUG;
				SWIFT_OPTIMIZATION_LEVEL = "-Onone";
			};
			name = Debug;
		};
		B9CA870B27B2DB9700BC0EAB /* Release */ = {
			isa = XCBuildConfiguration;
			buildSettings = {
				ALWAYS_SEARCH_USER_PATHS = NO;
				CLANG_ANALYZER_NONNULL = YES;
				CLANG_ANALYZER_NUMBER_OBJECT_CONVERSION = YES_AGGRESSIVE;
				CLANG_CXX_LANGUAGE_STANDARD = "gnu++14";
				CLANG_CXX_LIBRARY = "libc++";
				CLANG_ENABLE_MODULES = YES;
				CLANG_ENABLE_OBJC_ARC = YES;
				CLANG_ENABLE_OBJC_WEAK = YES;
				CLANG_WARN_BLOCK_CAPTURE_AUTORELEASING = YES;
				CLANG_WARN_BOOL_CONVERSION = YES;
				CLANG_WARN_COMMA = YES;
				CLANG_WARN_CONSTANT_CONVERSION = YES;
				CLANG_WARN_DEPRECATED_OBJC_IMPLEMENTATIONS = YES;
				CLANG_WARN_DIRECT_OBJC_ISA_USAGE = YES_ERROR;
				CLANG_WARN_DOCUMENTATION_COMMENTS = YES;
				CLANG_WARN_EMPTY_BODY = YES;
				CLANG_WARN_ENUM_CONVERSION = YES;
				CLANG_WARN_INFINITE_RECURSION = YES;
				CLANG_WARN_INT_CONVERSION = YES;
				CLANG_WARN_NON_LITERAL_NULL_CONVERSION = YES;
				CLANG_WARN_OBJC_IMPLICIT_RETAIN_SELF = YES;
				CLANG_WARN_OBJC_LITERAL_CONVERSION = YES;
				CLANG_WARN_OBJC_ROOT_CLASS = YES_ERROR;
				CLANG_WARN_QUOTED_INCLUDE_IN_FRAMEWORK_HEADER = YES;
				CLANG_WARN_RANGE_LOOP_ANALYSIS = YES;
				CLANG_WARN_STRICT_PROTOTYPES = YES;
				CLANG_WARN_SUSPICIOUS_MOVE = YES;
				CLANG_WARN_UNGUARDED_AVAILABILITY = YES_AGGRESSIVE;
				CLANG_WARN_UNREACHABLE_CODE = YES;
				CLANG_WARN__DUPLICATE_METHOD_MATCH = YES;
				COPY_PHASE_STRIP = NO;
				DEBUG_INFORMATION_FORMAT = "dwarf-with-dsym";
				ENABLE_NS_ASSERTIONS = NO;
				ENABLE_STRICT_OBJC_MSGSEND = YES;
				GCC_C_LANGUAGE_STANDARD = gnu11;
				GCC_NO_COMMON_BLOCKS = YES;
				GCC_WARN_64_TO_32_BIT_CONVERSION = YES;
				GCC_WARN_ABOUT_RETURN_TYPE = YES_ERROR;
				GCC_WARN_UNDECLARED_SELECTOR = YES;
				GCC_WARN_UNINITIALIZED_AUTOS = YES_AGGRESSIVE;
				GCC_WARN_UNUSED_FUNCTION = YES;
				GCC_WARN_UNUSED_VARIABLE = YES;
				IPHONEOS_DEPLOYMENT_TARGET = 14.4;
				MTL_ENABLE_DEBUG_INFO = NO;
				MTL_FAST_MATH = YES;
				SDKROOT = iphoneos;
				SWIFT_COMPILATION_MODE = wholemodule;
				SWIFT_OPTIMIZATION_LEVEL = "-O";
				VALIDATE_PRODUCT = YES;
			};
			name = Release;
		};
		B9CA870D27B2DB9700BC0EAB /* Debug */ = {
			isa = XCBuildConfiguration;
			buildSettings = {
				ASSETCATALOG_COMPILER_APPICON_NAME = AppIcon;
				ASSETCATALOG_COMPILER_GLOBAL_ACCENT_COLOR_NAME = AccentColor;
				CODE_SIGN_STYLE = Automatic;
				DEVELOPMENT_ASSET_PATHS = "\"Roshambo/Preview Content\"";
				DEVELOPMENT_TEAM = S779TF956N;
				ENABLE_PREVIEWS = YES;
				INFOPLIST_FILE = Roshambo/Info.plist;
				IPHONEOS_DEPLOYMENT_TARGET = 14.0;
				LD_RUNPATH_SEARCH_PATHS = (
					"$(inherited)",
					"@executable_path/Frameworks",
				);
				PRODUCT_BUNDLE_IDENTIFIER = FF8.Roshambo;
				PRODUCT_NAME = "$(TARGET_NAME)";
				SWIFT_VERSION = 5.0;
				TARGETED_DEVICE_FAMILY = "1,2";
			};
			name = Debug;
		};
		B9CA870E27B2DB9700BC0EAB /* Release */ = {
			isa = XCBuildConfiguration;
			buildSettings = {
				ASSETCATALOG_COMPILER_APPICON_NAME = AppIcon;
				ASSETCATALOG_COMPILER_GLOBAL_ACCENT_COLOR_NAME = AccentColor;
				CODE_SIGN_STYLE = Automatic;
				DEVELOPMENT_ASSET_PATHS = "\"Roshambo/Preview Content\"";
				DEVELOPMENT_TEAM = S779TF956N;
				ENABLE_PREVIEWS = YES;
				INFOPLIST_FILE = Roshambo/Info.plist;
				IPHONEOS_DEPLOYMENT_TARGET = 14.0;
				LD_RUNPATH_SEARCH_PATHS = (
					"$(inherited)",
					"@executable_path/Frameworks",
				);
				PRODUCT_BUNDLE_IDENTIFIER = FF8.Roshambo;
				PRODUCT_NAME = "$(TARGET_NAME)";
				SWIFT_VERSION = 5.0;
				TARGETED_DEVICE_FAMILY = "1,2";
			};
			name = Release;
		};
/* End XCBuildConfiguration section */

/* Begin XCConfigurationList section */
		B9CA86F827B2DB8B00BC0EAB /* Build configuration list for PBXProject "Roshambo" */ = {
			isa = XCConfigurationList;
			buildConfigurations = (
				B9CA870A27B2DB9700BC0EAB /* Debug */,
				B9CA870B27B2DB9700BC0EAB /* Release */,
			);
			defaultConfigurationIsVisible = 0;
			defaultConfigurationName = Release;
		};
		B9CA870C27B2DB9700BC0EAB /* Build configuration list for PBXNativeTarget "Roshambo" */ = {
			isa = XCConfigurationList;
			buildConfigurations = (
				B9CA870D27B2DB9700BC0EAB /* Debug */,
				B9CA870E27B2DB9700BC0EAB /* Release */,
			);
			defaultConfigurationIsVisible = 0;
			defaultConfigurationName = Release;
		};
/* End XCConfigurationList section */
	};
	rootObject = B9CA86F527B2DB8B00BC0EAB /* Project object */;
}
